
Microsoft Visual Studio Solution File, Format Version 12.00
# Visual Studio Version 16
VisualStudioVersion = 16.0.31424.327
MinimumVisualStudioVersion = 10.0.40219.1
Project("{FAE04EC0-301F-11D3-BF4B-00C04F79EFBC}") = "OnlineShop", "OnlineShop\OnlineShop.csproj", "{B823C1F1-676B-42A4-9261-4C22EAD8B60C}"
EndProject
Global
	GlobalSection(SolutionConfigurationPlatforms) = preSolution
		Debug|Any CPU = Debug|Any CPU
		Release|Any CPU = Release|Any CPU
	EndGlobalSection
	GlobalSection(ProjectConfigurationPlatforms) = postSolution
		{B823C1F1-676B-42A4-9261-4C22EAD8B60C}.Debug|Any CPU.ActiveCfg = Debug|Any CPU
		{B823C1F1-676B-42A4-9261-4C22EAD8B60C}.Debug|Any CPU.Build.0 = Debug|Any CPU
		{B823C1F1-676B-42A4-9261-4C22EAD8B60C}.Release|Any CPU.ActiveCfg = Release|Any CPU
		{B823C1F1-676B-42A4-9261-4C22EAD8B60C}.Release|Any CPU.Build.0 = Release|Any CPU
	EndGlobalSection
	GlobalSection(SolutionProperties) = preSolution
		HideSolutionNode = FALSE
	EndGlobalSection
	GlobalSection(ExtensibilityGlobals) = postSolution
		SolutionGuid = {EDCE7C17-D438-4692-B0CC-6CC11A5F616B}
	EndGlobalSection
EndGlobal
